// !$*UTF8*$!
{
	archiveVersion = 1;
	classes = {
	};
	objectVersion = 46;
	objects = {

/* Begin PBXBuildFile section */
		47B0A7560B3D72BCC49E3C71 /* Pods_testreddit.framework in Frameworks */ = {isa = PBXBuildFile; fileRef = A81B784879460A9122A78838 /* Pods_testreddit.framework */; };
		841FB6971EFBD8880049475C /* BaseParser.swift in Sources */ = {isa = PBXBuildFile; fileRef = 841FB6961EFBD8880049475C /* BaseParser.swift */; };
		841FB69C1EFBEE980049475C /* CommentTableViewCell.swift in Sources */ = {isa = PBXBuildFile; fileRef = 841FB69B1EFBEE980049475C /* CommentTableViewCell.swift */; };
		84279C701EF2CD62006BDD70 /* PostsParser.swift in Sources */ = {isa = PBXBuildFile; fileRef = 84279C6F1EF2CD62006BDD70 /* PostsParser.swift */; };
		84279C761EF44AB4006BDD70 /* PostsTableViewController.swift in Sources */ = {isa = PBXBuildFile; fileRef = 84279C751EF44AB4006BDD70 /* PostsTableViewController.swift */; };
		84279C781EF44AE7006BDD70 /* PostTableViewCell.swift in Sources */ = {isa = PBXBuildFile; fileRef = 84279C771EF44AE7006BDD70 /* PostTableViewCell.swift */; };
		845E88A41F0554D700F1D2F6 /* WebUtils.swift in Sources */ = {isa = PBXBuildFile; fileRef = 845E88A31F0554D700F1D2F6 /* WebUtils.swift */; };
		8467689D1F05111F00EA3B9A /* NewPostsViewController.swift in Sources */ = {isa = PBXBuildFile; fileRef = 8467689C1F05111F00EA3B9A /* NewPostsViewController.swift */; };
		847779FF1EFD1D1300F13CA4 /* CommentUtils.swift in Sources */ = {isa = PBXBuildFile; fileRef = 847779FE1EFD1D1300F13CA4 /* CommentUtils.swift */; };
		84777A011EFD24CD00F13CA4 /* WebService.swift in Sources */ = {isa = PBXBuildFile; fileRef = 84777A001EFD24CD00F13CA4 /* WebService.swift */; };
		84777A031EFD24E600F13CA4 /* Loader.swift in Sources */ = {isa = PBXBuildFile; fileRef = 84777A021EFD24E600F13CA4 /* Loader.swift */; };
		84777A051EFD296300F13CA4 /* Configuration.swift in Sources */ = {isa = PBXBuildFile; fileRef = 84777A041EFD296300F13CA4 /* Configuration.swift */; };
		847D2DBA1EF828E9007FC21F /* CoreData.framework in Frameworks */ = {isa = PBXBuildFile; fileRef = 847D2DB91EF828E9007FC21F /* CoreData.framework */; };
		847D2DBD1EF82A41007FC21F /* RedditDataModel.xcdatamodeld in Sources */ = {isa = PBXBuildFile; fileRef = 847D2DBB1EF82A41007FC21F /* RedditDataModel.xcdatamodeld */; };
		847D2DCE1EF94138007FC21F /* CoreDataManager.swift in Sources */ = {isa = PBXBuildFile; fileRef = 847D2DCD1EF94138007FC21F /* CoreDataManager.swift */; };
		847D2DD11EF942EF007FC21F /* LinkM+CoreDataClass.swift in Sources */ = {isa = PBXBuildFile; fileRef = 847D2DCF1EF942EF007FC21F /* LinkM+CoreDataClass.swift */; };
		847D2DD21EF942EF007FC21F /* LinkM+CoreDataProperties.swift in Sources */ = {isa = PBXBuildFile; fileRef = 847D2DD01EF942EF007FC21F /* LinkM+CoreDataProperties.swift */; };
		8486405D1EF53549003ACD98 /* CommentsParser.swift in Sources */ = {isa = PBXBuildFile; fileRef = 8486405C1EF53549003ACD98 /* CommentsParser.swift */; };
		848640611EF535AC003ACD98 /* Comment.swift in Sources */ = {isa = PBXBuildFile; fileRef = 848640601EF535AC003ACD98 /* Comment.swift */; };
		8486C5011F017E2900B81FD8 /* PopupViewController.swift in Sources */ = {isa = PBXBuildFile; fileRef = 8486C5001F017E2900B81FD8 /* PopupViewController.swift */; };
		84B5733A1F03B9B7009EFB12 /* ErrorHandler.swift in Sources */ = {isa = PBXBuildFile; fileRef = 84B573391F03B9B7009EFB12 /* ErrorHandler.swift */; };
		84DCDF7D1EF19BAF004EFEE7 /* Token.m in Sources */ = {isa = PBXBuildFile; fileRef = 84DCDF7C1EF19BAF004EFEE7 /* Token.m */; };
		84F66BD31EF00FB800408CF0 /* AppDelegate.swift in Sources */ = {isa = PBXBuildFile; fileRef = 84F66BD21EF00FB800408CF0 /* AppDelegate.swift */; };
		84F66BD51EF00FB800408CF0 /* PostDetailViewController.swift in Sources */ = {isa = PBXBuildFile; fileRef = 84F66BD41EF00FB800408CF0 /* PostDetailViewController.swift */; };
		84F66BD81EF00FB800408CF0 /* Main.storyboard in Resources */ = {isa = PBXBuildFile; fileRef = 84F66BD61EF00FB800408CF0 /* Main.storyboard */; };
		84F66BDA1EF00FB800408CF0 /* Assets.xcassets in Resources */ = {isa = PBXBuildFile; fileRef = 84F66BD91EF00FB800408CF0 /* Assets.xcassets */; };
		84F66BDD1EF00FB800408CF0 /* LaunchScreen.storyboard in Resources */ = {isa = PBXBuildFile; fileRef = 84F66BDB1EF00FB800408CF0 /* LaunchScreen.storyboard */; };
		84F66BE81EF00FB800408CF0 /* testredditTests.swift in Sources */ = {isa = PBXBuildFile; fileRef = 84F66BE71EF00FB800408CF0 /* testredditTests.swift */; };
		84F66BF31EF00FB800408CF0 /* testredditUITests.swift in Sources */ = {isa = PBXBuildFile; fileRef = 84F66BF21EF00FB800408CF0 /* testredditUITests.swift */; };
		84F66C031EF14DF100408CF0 /* PreferenceManager.swift in Sources */ = {isa = PBXBuildFile; fileRef = 84F66C021EF14DF100408CF0 /* PreferenceManager.swift */; };
		98FBD69374D1832006F9B3C5 /* Pods_testredditTests.framework in Frameworks */ = {isa = PBXBuildFile; fileRef = 23C6ED523A478BDFFF62290B /* Pods_testredditTests.framework */; };
		B23FAE6C8F00F037028FAD32 /* Pods_testredditUITests.framework in Frameworks */ = {isa = PBXBuildFile; fileRef = 2B41EB40E265E5D457D8B295 /* Pods_testredditUITests.framework */; };
/* End PBXBuildFile section */

/* Begin PBXContainerItemProxy section */
		84F66BE41EF00FB800408CF0 /* PBXContainerItemProxy */ = {
			isa = PBXContainerItemProxy;
			containerPortal = 84F66BC71EF00FB700408CF0 /* Project object */;
			proxyType = 1;
			remoteGlobalIDString = 84F66BCE1EF00FB700408CF0;
			remoteInfo = testreddit;
		};
		84F66BEF1EF00FB800408CF0 /* PBXContainerItemProxy */ = {
			isa = PBXContainerItemProxy;
			containerPortal = 84F66BC71EF00FB700408CF0 /* Project object */;
			proxyType = 1;
			remoteGlobalIDString = 84F66BCE1EF00FB700408CF0;
			remoteInfo = testreddit;
		};
/* End PBXContainerItemProxy section */

/* Begin PBXFileReference section */
		20ECE62DE984673BAA1443A6 /* Pods-testreddit.release.xcconfig */ = {isa = PBXFileReference; includeInIndex = 1; lastKnownFileType = text.xcconfig; name = "Pods-testreddit.release.xcconfig"; path = "Pods/Target Support Files/Pods-testreddit/Pods-testreddit.release.xcconfig"; sourceTree = "<group>"; };
		23C6ED523A478BDFFF62290B /* Pods_testredditTests.framework */ = {isa = PBXFileReference; explicitFileType = wrapper.framework; includeInIndex = 0; path = Pods_testredditTests.framework; sourceTree = BUILT_PRODUCTS_DIR; };
		2B41EB40E265E5D457D8B295 /* Pods_testredditUITests.framework */ = {isa = PBXFileReference; explicitFileType = wrapper.framework; includeInIndex = 0; path = Pods_testredditUITests.framework; sourceTree = BUILT_PRODUCTS_DIR; };
		4919EA1198F6CF20CDFA8A1A /* Pods-testredditUITests.release.xcconfig */ = {isa = PBXFileReference; includeInIndex = 1; lastKnownFileType = text.xcconfig; name = "Pods-testredditUITests.release.xcconfig"; path = "Pods/Target Support Files/Pods-testredditUITests/Pods-testredditUITests.release.xcconfig"; sourceTree = "<group>"; };
		72708330B66C2FEB01E172EF /* Pods-testredditUITests.debug.xcconfig */ = {isa = PBXFileReference; includeInIndex = 1; lastKnownFileType = text.xcconfig; name = "Pods-testredditUITests.debug.xcconfig"; path = "Pods/Target Support Files/Pods-testredditUITests/Pods-testredditUITests.debug.xcconfig"; sourceTree = "<group>"; };
		841FB6961EFBD8880049475C /* BaseParser.swift */ = {isa = PBXFileReference; fileEncoding = 4; lastKnownFileType = sourcecode.swift; path = BaseParser.swift; sourceTree = "<group>"; };
		841FB69B1EFBEE980049475C /* CommentTableViewCell.swift */ = {isa = PBXFileReference; fileEncoding = 4; lastKnownFileType = sourcecode.swift; path = CommentTableViewCell.swift; sourceTree = "<group>"; };
		84279C6F1EF2CD62006BDD70 /* PostsParser.swift */ = {isa = PBXFileReference; fileEncoding = 4; lastKnownFileType = sourcecode.swift; path = PostsParser.swift; sourceTree = "<group>"; };
		84279C751EF44AB4006BDD70 /* PostsTableViewController.swift */ = {isa = PBXFileReference; fileEncoding = 4; lastKnownFileType = sourcecode.swift; path = PostsTableViewController.swift; sourceTree = "<group>"; };
		84279C771EF44AE7006BDD70 /* PostTableViewCell.swift */ = {isa = PBXFileReference; fileEncoding = 4; lastKnownFileType = sourcecode.swift; path = PostTableViewCell.swift; sourceTree = "<group>"; };
		845E88A31F0554D700F1D2F6 /* WebUtils.swift */ = {isa = PBXFileReference; fileEncoding = 4; lastKnownFileType = sourcecode.swift; path = WebUtils.swift; sourceTree = "<group>"; };
		8467689C1F05111F00EA3B9A /* NewPostsViewController.swift */ = {isa = PBXFileReference; fileEncoding = 4; lastKnownFileType = sourcecode.swift; path = NewPostsViewController.swift; sourceTree = "<group>"; };
		847779FE1EFD1D1300F13CA4 /* CommentUtils.swift */ = {isa = PBXFileReference; fileEncoding = 4; lastKnownFileType = sourcecode.swift; path = CommentUtils.swift; sourceTree = "<group>"; };
		84777A001EFD24CD00F13CA4 /* WebService.swift */ = {isa = PBXFileReference; fileEncoding = 4; lastKnownFileType = sourcecode.swift; path = WebService.swift; sourceTree = "<group>"; };
		84777A021EFD24E600F13CA4 /* Loader.swift */ = {isa = PBXFileReference; fileEncoding = 4; lastKnownFileType = sourcecode.swift; path = Loader.swift; sourceTree = "<group>"; };
		84777A041EFD296300F13CA4 /* Configuration.swift */ = {isa = PBXFileReference; fileEncoding = 4; lastKnownFileType = sourcecode.swift; path = Configuration.swift; sourceTree = "<group>"; };
		847D2DB91EF828E9007FC21F /* CoreData.framework */ = {isa = PBXFileReference; lastKnownFileType = wrapper.framework; name = CoreData.framework; path = System/Library/Frameworks/CoreData.framework; sourceTree = SDKROOT; };
		847D2DBC1EF82A41007FC21F /* RedditDataModel.xcdatamodel */ = {isa = PBXFileReference; lastKnownFileType = wrapper.xcdatamodel; path = RedditDataModel.xcdatamodel; sourceTree = "<group>"; };
		847D2DCD1EF94138007FC21F /* CoreDataManager.swift */ = {isa = PBXFileReference; fileEncoding = 4; lastKnownFileType = sourcecode.swift; path = CoreDataManager.swift; sourceTree = "<group>"; };
		847D2DCF1EF942EF007FC21F /* LinkM+CoreDataClass.swift */ = {isa = PBXFileReference; fileEncoding = 4; lastKnownFileType = sourcecode.swift; path = "LinkM+CoreDataClass.swift"; sourceTree = "<group>"; };
		847D2DD01EF942EF007FC21F /* LinkM+CoreDataProperties.swift */ = {isa = PBXFileReference; fileEncoding = 4; lastKnownFileType = sourcecode.swift; path = "LinkM+CoreDataProperties.swift"; sourceTree = "<group>"; };
		8486405C1EF53549003ACD98 /* CommentsParser.swift */ = {isa = PBXFileReference; fileEncoding = 4; lastKnownFileType = sourcecode.swift; path = CommentsParser.swift; sourceTree = "<group>"; };
		848640601EF535AC003ACD98 /* Comment.swift */ = {isa = PBXFileReference; fileEncoding = 4; lastKnownFileType = sourcecode.swift; path = Comment.swift; sourceTree = "<group>"; };
		8486C5001F017E2900B81FD8 /* PopupViewController.swift */ = {isa = PBXFileReference; fileEncoding = 4; lastKnownFileType = sourcecode.swift; path = PopupViewController.swift; sourceTree = "<group>"; };
		84B573391F03B9B7009EFB12 /* ErrorHandler.swift */ = {isa = PBXFileReference; fileEncoding = 4; lastKnownFileType = sourcecode.swift; path = ErrorHandler.swift; sourceTree = "<group>"; };
		84DCDF7C1EF19BAF004EFEE7 /* Token.m */ = {isa = PBXFileReference; fileEncoding = 4; lastKnownFileType = sourcecode.c.objc; path = Token.m; sourceTree = "<group>"; };
		84F66BCF1EF00FB800408CF0 /* testreddit.app */ = {isa = PBXFileReference; explicitFileType = wrapper.application; includeInIndex = 0; path = testreddit.app; sourceTree = BUILT_PRODUCTS_DIR; };
		84F66BD21EF00FB800408CF0 /* AppDelegate.swift */ = {isa = PBXFileReference; lastKnownFileType = sourcecode.swift; path = AppDelegate.swift; sourceTree = "<group>"; };
		84F66BD41EF00FB800408CF0 /* PostDetailViewController.swift */ = {isa = PBXFileReference; lastKnownFileType = sourcecode.swift; path = PostDetailViewController.swift; sourceTree = "<group>"; };
		84F66BD71EF00FB800408CF0 /* Base */ = {isa = PBXFileReference; lastKnownFileType = file.storyboard; name = Base; path = Base.lproj/Main.storyboard; sourceTree = "<group>"; };
		84F66BD91EF00FB800408CF0 /* Assets.xcassets */ = {isa = PBXFileReference; lastKnownFileType = folder.assetcatalog; path = Assets.xcassets; sourceTree = "<group>"; };
		84F66BDC1EF00FB800408CF0 /* Base */ = {isa = PBXFileReference; lastKnownFileType = file.storyboard; name = Base; path = Base.lproj/LaunchScreen.storyboard; sourceTree = "<group>"; };
		84F66BDE1EF00FB800408CF0 /* Info.plist */ = {isa = PBXFileReference; lastKnownFileType = text.plist.xml; path = Info.plist; sourceTree = "<group>"; };
		84F66BE31EF00FB800408CF0 /* testredditTests.xctest */ = {isa = PBXFileReference; explicitFileType = wrapper.cfbundle; includeInIndex = 0; path = testredditTests.xctest; sourceTree = BUILT_PRODUCTS_DIR; };
		84F66BE71EF00FB800408CF0 /* testredditTests.swift */ = {isa = PBXFileReference; lastKnownFileType = sourcecode.swift; path = testredditTests.swift; sourceTree = "<group>"; };
		84F66BE91EF00FB800408CF0 /* Info.plist */ = {isa = PBXFileReference; lastKnownFileType = text.plist.xml; path = Info.plist; sourceTree = "<group>"; };
		84F66BEE1EF00FB800408CF0 /* testredditUITests.xctest */ = {isa = PBXFileReference; explicitFileType = wrapper.cfbundle; includeInIndex = 0; path = testredditUITests.xctest; sourceTree = BUILT_PRODUCTS_DIR; };
		84F66BF21EF00FB800408CF0 /* testredditUITests.swift */ = {isa = PBXFileReference; lastKnownFileType = sourcecode.swift; path = testredditUITests.swift; sourceTree = "<group>"; };
		84F66BF41EF00FB800408CF0 /* Info.plist */ = {isa = PBXFileReference; lastKnownFileType = text.plist.xml; path = Info.plist; sourceTree = "<group>"; };
		84F66C021EF14DF100408CF0 /* PreferenceManager.swift */ = {isa = PBXFileReference; fileEncoding = 4; lastKnownFileType = sourcecode.swift; path = PreferenceManager.swift; sourceTree = "<group>"; };
		84F66C061EF1623200408CF0 /* testreddit-Bridging-Header.h */ = {isa = PBXFileReference; lastKnownFileType = sourcecode.c.h; path = "testreddit-Bridging-Header.h"; sourceTree = "<group>"; };
		84F66C0B1EF1660B00408CF0 /* Token.h */ = {isa = PBXFileReference; lastKnownFileType = sourcecode.c.h; path = Token.h; sourceTree = "<group>"; };
		A81B784879460A9122A78838 /* Pods_testreddit.framework */ = {isa = PBXFileReference; explicitFileType = wrapper.framework; includeInIndex = 0; path = Pods_testreddit.framework; sourceTree = BUILT_PRODUCTS_DIR; };
		B055605845DEBA415A329971 /* Pods-testredditTests.debug.xcconfig */ = {isa = PBXFileReference; includeInIndex = 1; lastKnownFileType = text.xcconfig; name = "Pods-testredditTests.debug.xcconfig"; path = "Pods/Target Support Files/Pods-testredditTests/Pods-testredditTests.debug.xcconfig"; sourceTree = "<group>"; };
		B309FAA4015C66633F7E4627 /* Pods-testreddit.debug.xcconfig */ = {isa = PBXFileReference; includeInIndex = 1; lastKnownFileType = text.xcconfig; name = "Pods-testreddit.debug.xcconfig"; path = "Pods/Target Support Files/Pods-testreddit/Pods-testreddit.debug.xcconfig"; sourceTree = "<group>"; };
		D56BE3DD8FA8E28270B08D78 /* Pods-testredditTests.release.xcconfig */ = {isa = PBXFileReference; includeInIndex = 1; lastKnownFileType = text.xcconfig; name = "Pods-testredditTests.release.xcconfig"; path = "Pods/Target Support Files/Pods-testredditTests/Pods-testredditTests.release.xcconfig"; sourceTree = "<group>"; };
/* End PBXFileReference section */

/* Begin PBXFrameworksBuildPhase section */
		84F66BCC1EF00FB700408CF0 /* Frameworks */ = {
			isa = PBXFrameworksBuildPhase;
			buildActionMask = 2147483647;
			files = (
				847D2DBA1EF828E9007FC21F /* CoreData.framework in Frameworks */,
				47B0A7560B3D72BCC49E3C71 /* Pods_testreddit.framework in Frameworks */,
			);
			runOnlyForDeploymentPostprocessing = 0;
		};
		84F66BE01EF00FB800408CF0 /* Frameworks */ = {
			isa = PBXFrameworksBuildPhase;
			buildActionMask = 2147483647;
			files = (
				98FBD69374D1832006F9B3C5 /* Pods_testredditTests.framework in Frameworks */,
			);
			runOnlyForDeploymentPostprocessing = 0;
		};
		84F66BEB1EF00FB800408CF0 /* Frameworks */ = {
			isa = PBXFrameworksBuildPhase;
			buildActionMask = 2147483647;
			files = (
				B23FAE6C8F00F037028FAD32 /* Pods_testredditUITests.framework in Frameworks */,
			);
			runOnlyForDeploymentPostprocessing = 0;
		};
/* End PBXFrameworksBuildPhase section */

/* Begin PBXGroup section */
		841FB6981EFBDE950049475C /* ui */ = {
			isa = PBXGroup;
			children = (
				84F66BD41EF00FB800408CF0 /* PostDetailViewController.swift */,
				84279C751EF44AB4006BDD70 /* PostsTableViewController.swift */,
				84279C771EF44AE7006BDD70 /* PostTableViewCell.swift */,
				841FB69B1EFBEE980049475C /* CommentTableViewCell.swift */,
				8486C5001F017E2900B81FD8 /* PopupViewController.swift */,
				8467689C1F05111F00EA3B9A /* NewPostsViewController.swift */,
			);
			name = ui;
			sourceTree = "<group>";
		};
		84279C791EF44B95006BDD70 /* utils */ = {
			isa = PBXGroup;
			children = (
				84F66C021EF14DF100408CF0 /* PreferenceManager.swift */,
				84279C6F1EF2CD62006BDD70 /* PostsParser.swift */,
				8486405C1EF53549003ACD98 /* CommentsParser.swift */,
				841FB6961EFBD8880049475C /* BaseParser.swift */,
				847779FE1EFD1D1300F13CA4 /* CommentUtils.swift */,
			);
			name = utils;
			sourceTree = "<group>";
		};
		8437642290D4DB0F39043960 /* Pods */ = {
			isa = PBXGroup;
			children = (
				B309FAA4015C66633F7E4627 /* Pods-testreddit.debug.xcconfig */,
				20ECE62DE984673BAA1443A6 /* Pods-testreddit.release.xcconfig */,
				B055605845DEBA415A329971 /* Pods-testredditTests.debug.xcconfig */,
				D56BE3DD8FA8E28270B08D78 /* Pods-testredditTests.release.xcconfig */,
				72708330B66C2FEB01E172EF /* Pods-testredditUITests.debug.xcconfig */,
				4919EA1198F6CF20CDFA8A1A /* Pods-testredditUITests.release.xcconfig */,
			);
			name = Pods;
			sourceTree = "<group>";
		};
		847D2DBE1EF82A7E007FC21F /* database */ = {
			isa = PBXGroup;
			children = (
				847D2DCD1EF94138007FC21F /* CoreDataManager.swift */,
			);
			name = database;
			sourceTree = "<group>";
		};
		84E705C81EF283CD00DCAA3F /* models */ = {
			isa = PBXGroup;
			children = (
				847D2DCF1EF942EF007FC21F /* LinkM+CoreDataClass.swift */,
				847D2DD01EF942EF007FC21F /* LinkM+CoreDataProperties.swift */,
				84DCDF7C1EF19BAF004EFEE7 /* Token.m */,
				84F66C0B1EF1660B00408CF0 /* Token.h */,
				848640601EF535AC003ACD98 /* Comment.swift */,
			);
			name = models;
			sourceTree = "<group>";
		};
		84F66BC61EF00FB700408CF0 = {
			isa = PBXGroup;
			children = (
				84F66BD11EF00FB800408CF0 /* testreddit */,
				84F66BE61EF00FB800408CF0 /* testredditTests */,
				84F66BF11EF00FB800408CF0 /* testredditUITests */,
				84F66BD01EF00FB800408CF0 /* Products */,
				84F66C061EF1623200408CF0 /* testreddit-Bridging-Header.h */,
				8437642290D4DB0F39043960 /* Pods */,
				88FAB1E95B12D9C33B179D42 /* Frameworks */,
			);
			sourceTree = "<group>";
		};
		84F66BD01EF00FB800408CF0 /* Products */ = {
			isa = PBXGroup;
			children = (
				84F66BCF1EF00FB800408CF0 /* testreddit.app */,
				84F66BE31EF00FB800408CF0 /* testredditTests.xctest */,
				84F66BEE1EF00FB800408CF0 /* testredditUITests.xctest */,
			);
			name = Products;
			sourceTree = "<group>";
		};
		84F66BD11EF00FB800408CF0 /* testreddit */ = {
			isa = PBXGroup;
			children = (
				841FB6981EFBDE950049475C /* ui */,
				847D2DBE1EF82A7E007FC21F /* database */,
				84279C791EF44B95006BDD70 /* utils */,
				84E705C81EF283CD00DCAA3F /* models */,
				84F66C0C1EF1866100408CF0 /* networking */,
				84F66BD21EF00FB800408CF0 /* AppDelegate.swift */,
				84F66BD61EF00FB800408CF0 /* Main.storyboard */,
				84F66BDB1EF00FB800408CF0 /* LaunchScreen.storyboard */,
				84F66BD91EF00FB800408CF0 /* Assets.xcassets */,
				84F66BDE1EF00FB800408CF0 /* Info.plist */,
				847D2DBB1EF82A41007FC21F /* RedditDataModel.xcdatamodeld */,
				84777A041EFD296300F13CA4 /* Configuration.swift */,
				84B573391F03B9B7009EFB12 /* ErrorHandler.swift */,
			);
			path = testreddit;
			sourceTree = "<group>";
		};
		84F66BE61EF00FB800408CF0 /* testredditTests */ = {
			isa = PBXGroup;
			children = (
				84F66BE71EF00FB800408CF0 /* testredditTests.swift */,
				84F66BE91EF00FB800408CF0 /* Info.plist */,
			);
			path = testredditTests;
			sourceTree = "<group>";
		};
		84F66BF11EF00FB800408CF0 /* testredditUITests */ = {
			isa = PBXGroup;
			children = (
				84F66BF21EF00FB800408CF0 /* testredditUITests.swift */,
				84F66BF41EF00FB800408CF0 /* Info.plist */,
			);
			path = testredditUITests;
			sourceTree = "<group>";
		};
		84F66C0C1EF1866100408CF0 /* networking */ = {
			isa = PBXGroup;
			children = (
				84777A001EFD24CD00F13CA4 /* WebService.swift */,
				84777A021EFD24E600F13CA4 /* Loader.swift */,
				845E88A31F0554D700F1D2F6 /* WebUtils.swift */,
			);
			name = networking;
			sourceTree = "<group>";
		};
		88FAB1E95B12D9C33B179D42 /* Frameworks */ = {
			isa = PBXGroup;
			children = (
				847D2DB91EF828E9007FC21F /* CoreData.framework */,
				A81B784879460A9122A78838 /* Pods_testreddit.framework */,
				23C6ED523A478BDFFF62290B /* Pods_testredditTests.framework */,
				2B41EB40E265E5D457D8B295 /* Pods_testredditUITests.framework */,
			);
			name = Frameworks;
			sourceTree = "<group>";
		};
/* End PBXGroup section */

/* Begin PBXNativeTarget section */
		84F66BCE1EF00FB700408CF0 /* testreddit */ = {
			isa = PBXNativeTarget;
			buildConfigurationList = 84F66BF71EF00FB800408CF0 /* Build configuration list for PBXNativeTarget "testreddit" */;
			buildPhases = (
				BBBBD6B6E4CCB776F95C8010 /* [CP] Check Pods Manifest.lock */,
				84F66BCB1EF00FB700408CF0 /* Sources */,
				84F66BCC1EF00FB700408CF0 /* Frameworks */,
				84F66BCD1EF00FB700408CF0 /* Resources */,
				AE4025DDB2F5048C37F1F302 /* [CP] Embed Pods Frameworks */,
				0B153129D3DD5027C04E0A10 /* [CP] Copy Pods Resources */,
			);
			buildRules = (
			);
			dependencies = (
			);
			name = testreddit;
			productName = testreddit;
			productReference = 84F66BCF1EF00FB800408CF0 /* testreddit.app */;
			productType = "com.apple.product-type.application";
		};
		84F66BE21EF00FB800408CF0 /* testredditTests */ = {
			isa = PBXNativeTarget;
			buildConfigurationList = 84F66BFA1EF00FB800408CF0 /* Build configuration list for PBXNativeTarget "testredditTests" */;
			buildPhases = (
				6D3721D60B50F008B75493F9 /* [CP] Check Pods Manifest.lock */,
				84F66BDF1EF00FB800408CF0 /* Sources */,
				84F66BE01EF00FB800408CF0 /* Frameworks */,
				84F66BE11EF00FB800408CF0 /* Resources */,
				109536E5E7ED800DFDFABA1E /* [CP] Embed Pods Frameworks */,
				7BEBEE72EB04BF5A877C0DF3 /* [CP] Copy Pods Resources */,
			);
			buildRules = (
			);
			dependencies = (
				84F66BE51EF00FB800408CF0 /* PBXTargetDependency */,
			);
			name = testredditTests;
			productName = testredditTests;
			productReference = 84F66BE31EF00FB800408CF0 /* testredditTests.xctest */;
			productType = "com.apple.product-type.bundle.unit-test";
		};
		84F66BED1EF00FB800408CF0 /* testredditUITests */ = {
			isa = PBXNativeTarget;
			buildConfigurationList = 84F66BFD1EF00FB800408CF0 /* Build configuration list for PBXNativeTarget "testredditUITests" */;
			buildPhases = (
				E0380A3D6D4D44BC61E15E09 /* [CP] Check Pods Manifest.lock */,
				84F66BEA1EF00FB800408CF0 /* Sources */,
				84F66BEB1EF00FB800408CF0 /* Frameworks */,
				84F66BEC1EF00FB800408CF0 /* Resources */,
				2DE8969E00B86C77CB71CBE2 /* [CP] Embed Pods Frameworks */,
				641271E41BB3BA7BED18322C /* [CP] Copy Pods Resources */,
			);
			buildRules = (
			);
			dependencies = (
				84F66BF01EF00FB800408CF0 /* PBXTargetDependency */,
			);
			name = testredditUITests;
			productName = testredditUITests;
			productReference = 84F66BEE1EF00FB800408CF0 /* testredditUITests.xctest */;
			productType = "com.apple.product-type.bundle.ui-testing";
		};
/* End PBXNativeTarget section */

/* Begin PBXProject section */
		84F66BC71EF00FB700408CF0 /* Project object */ = {
			isa = PBXProject;
			attributes = {
				LastSwiftUpdateCheck = 0830;
				LastUpgradeCheck = 0830;
				ORGANIZATIONNAME = Akvelon;
				TargetAttributes = {
					84F66BCE1EF00FB700408CF0 = {
						CreatedOnToolsVersion = 8.3.3;
						LastSwiftMigration = 0830;
						ProvisioningStyle = Automatic;
						SystemCapabilities = {
							com.apple.BackgroundModes = {
								enabled = 0;
							};
						};
					};
					84F66BE21EF00FB800408CF0 = {
						CreatedOnToolsVersion = 8.3.3;
						ProvisioningStyle = Automatic;
						TestTargetID = 84F66BCE1EF00FB700408CF0;
					};
					84F66BED1EF00FB800408CF0 = {
						CreatedOnToolsVersion = 8.3.3;
						ProvisioningStyle = Automatic;
						TestTargetID = 84F66BCE1EF00FB700408CF0;
					};
				};
			};
			buildConfigurationList = 84F66BCA1EF00FB700408CF0 /* Build configuration list for PBXProject "testreddit" */;
			compatibilityVersion = "Xcode 3.2";
			developmentRegion = English;
			hasScannedForEncodings = 0;
			knownRegions = (
				en,
				Base,
			);
			mainGroup = 84F66BC61EF00FB700408CF0;
			productRefGroup = 84F66BD01EF00FB800408CF0 /* Products */;
			projectDirPath = "";
			projectRoot = "";
			targets = (
				84F66BCE1EF00FB700408CF0 /* testreddit */,
				84F66BE21EF00FB800408CF0 /* testredditTests */,
				84F66BED1EF00FB800408CF0 /* testredditUITests */,
			);
		};
/* End PBXProject section */

/* Begin PBXResourcesBuildPhase section */
		84F66BCD1EF00FB700408CF0 /* Resources */ = {
			isa = PBXResourcesBuildPhase;
			buildActionMask = 2147483647;
			files = (
				84F66BDD1EF00FB800408CF0 /* LaunchScreen.storyboard in Resources */,
				84F66BDA1EF00FB800408CF0 /* Assets.xcassets in Resources */,
				84F66BD81EF00FB800408CF0 /* Main.storyboard in Resources */,
			);
			runOnlyForDeploymentPostprocessing = 0;
		};
		84F66BE11EF00FB800408CF0 /* Resources */ = {
			isa = PBXResourcesBuildPhase;
			buildActionMask = 2147483647;
			files = (
			);
			runOnlyForDeploymentPostprocessing = 0;
		};
		84F66BEC1EF00FB800408CF0 /* Resources */ = {
			isa = PBXResourcesBuildPhase;
			buildActionMask = 2147483647;
			files = (
			);
			runOnlyForDeploymentPostprocessing = 0;
		};
/* End PBXResourcesBuildPhase section */

/* Begin PBXShellScriptBuildPhase section */
		0B153129D3DD5027C04E0A10 /* [CP] Copy Pods Resources */ = {
			isa = PBXShellScriptBuildPhase;
			buildActionMask = 2147483647;
			files = (
			);
			inputPaths = (
			);
			name = "[CP] Copy Pods Resources";
			outputPaths = (
			);
			runOnlyForDeploymentPostprocessing = 0;
			shellPath = /bin/sh;
			shellScript = "\"${SRCROOT}/Pods/Target Support Files/Pods-testreddit/Pods-testreddit-resources.sh\"\n";
			showEnvVarsInLog = 0;
		};
		109536E5E7ED800DFDFABA1E /* [CP] Embed Pods Frameworks */ = {
			isa = PBXShellScriptBuildPhase;
			buildActionMask = 2147483647;
			files = (
			);
			inputPaths = (
			);
			name = "[CP] Embed Pods Frameworks";
			outputPaths = (
			);
			runOnlyForDeploymentPostprocessing = 0;
			shellPath = /bin/sh;
			shellScript = "\"${SRCROOT}/Pods/Target Support Files/Pods-testredditTests/Pods-testredditTests-frameworks.sh\"\n";
			showEnvVarsInLog = 0;
		};
		2DE8969E00B86C77CB71CBE2 /* [CP] Embed Pods Frameworks */ = {
			isa = PBXShellScriptBuildPhase;
			buildActionMask = 2147483647;
			files = (
			);
			inputPaths = (
			);
			name = "[CP] Embed Pods Frameworks";
			outputPaths = (
			);
			runOnlyForDeploymentPostprocessing = 0;
			shellPath = /bin/sh;
			shellScript = "\"${SRCROOT}/Pods/Target Support Files/Pods-testredditUITests/Pods-testredditUITests-frameworks.sh\"\n";
			showEnvVarsInLog = 0;
		};
		641271E41BB3BA7BED18322C /* [CP] Copy Pods Resources */ = {
			isa = PBXShellScriptBuildPhase;
			buildActionMask = 2147483647;
			files = (
			);
			inputPaths = (
			);
			name = "[CP] Copy Pods Resources";
			outputPaths = (
			);
			runOnlyForDeploymentPostprocessing = 0;
			shellPath = /bin/sh;
			shellScript = "\"${SRCROOT}/Pods/Target Support Files/Pods-testredditUITests/Pods-testredditUITests-resources.sh\"\n";
			showEnvVarsInLog = 0;
		};
		6D3721D60B50F008B75493F9 /* [CP] Check Pods Manifest.lock */ = {
			isa = PBXShellScriptBuildPhase;
			buildActionMask = 2147483647;
			files = (
			);
			inputPaths = (
			);
			name = "[CP] Check Pods Manifest.lock";
			outputPaths = (
			);
			runOnlyForDeploymentPostprocessing = 0;
			shellPath = /bin/sh;
			shellScript = "diff \"${PODS_PODFILE_DIR_PATH}/Podfile.lock\" \"${PODS_ROOT}/Manifest.lock\" > /dev/null\nif [ $? != 0 ] ; then\n    # print error to STDERR\n    echo \"error: The sandbox is not in sync with the Podfile.lock. Run 'pod install' or update your CocoaPods installation.\" >&2\n    exit 1\nfi\n";
			showEnvVarsInLog = 0;
		};
		7BEBEE72EB04BF5A877C0DF3 /* [CP] Copy Pods Resources */ = {
			isa = PBXShellScriptBuildPhase;
			buildActionMask = 2147483647;
			files = (
			);
			inputPaths = (
			);
			name = "[CP] Copy Pods Resources";
			outputPaths = (
			);
			runOnlyForDeploymentPostprocessing = 0;
			shellPath = /bin/sh;
			shellScript = "\"${SRCROOT}/Pods/Target Support Files/Pods-testredditTests/Pods-testredditTests-resources.sh\"\n";
			showEnvVarsInLog = 0;
		};
		AE4025DDB2F5048C37F1F302 /* [CP] Embed Pods Frameworks */ = {
			isa = PBXShellScriptBuildPhase;
			buildActionMask = 2147483647;
			files = (
			);
			inputPaths = (
			);
			name = "[CP] Embed Pods Frameworks";
			outputPaths = (
			);
			runOnlyForDeploymentPostprocessing = 0;
			shellPath = /bin/sh;
			shellScript = "\"${SRCROOT}/Pods/Target Support Files/Pods-testreddit/Pods-testreddit-frameworks.sh\"\n";
			showEnvVarsInLog = 0;
		};
		BBBBD6B6E4CCB776F95C8010 /* [CP] Check Pods Manifest.lock */ = {
			isa = PBXShellScriptBuildPhase;
			buildActionMask = 2147483647;
			files = (
			);
			inputPaths = (
			);
			name = "[CP] Check Pods Manifest.lock";
			outputPaths = (
			);
			runOnlyForDeploymentPostprocessing = 0;
			shellPath = /bin/sh;
			shellScript = "diff \"${PODS_PODFILE_DIR_PATH}/Podfile.lock\" \"${PODS_ROOT}/Manifest.lock\" > /dev/null\nif [ $? != 0 ] ; then\n    # print error to STDERR\n    echo \"error: The sandbox is not in sync with the Podfile.lock. Run 'pod install' or update your CocoaPods installation.\" >&2\n    exit 1\nfi\n";
			showEnvVarsInLog = 0;
		};
		E0380A3D6D4D44BC61E15E09 /* [CP] Check Pods Manifest.lock */ = {
			isa = PBXShellScriptBuildPhase;
			buildActionMask = 2147483647;
			files = (
			);
			inputPaths = (
			);
			name = "[CP] Check Pods Manifest.lock";
			outputPaths = (
			);
			runOnlyForDeploymentPostprocessing = 0;
			shellPath = /bin/sh;
			shellScript = "diff \"${PODS_PODFILE_DIR_PATH}/Podfile.lock\" \"${PODS_ROOT}/Manifest.lock\" > /dev/null\nif [ $? != 0 ] ; then\n    # print error to STDERR\n    echo \"error: The sandbox is not in sync with the Podfile.lock. Run 'pod install' or update your CocoaPods installation.\" >&2\n    exit 1\nfi\n";
			showEnvVarsInLog = 0;
		};
/* End PBXShellScriptBuildPhase section */

/* Begin PBXSourcesBuildPhase section */
		84F66BCB1EF00FB700408CF0 /* Sources */ = {
			isa = PBXSourcesBuildPhase;
			buildActionMask = 2147483647;
			files = (
				847D2DBD1EF82A41007FC21F /* RedditDataModel.xcdatamodeld in Sources */,
				8486405D1EF53549003ACD98 /* CommentsParser.swift in Sources */,
				845E88A41F0554D700F1D2F6 /* WebUtils.swift in Sources */,
				84279C761EF44AB4006BDD70 /* PostsTableViewController.swift in Sources */,
				84279C701EF2CD62006BDD70 /* PostsParser.swift in Sources */,
				847D2DD11EF942EF007FC21F /* LinkM+CoreDataClass.swift in Sources */,
				848640611EF535AC003ACD98 /* Comment.swift in Sources */,
				84279C781EF44AE7006BDD70 /* PostTableViewCell.swift in Sources */,
				847D2DCE1EF94138007FC21F /* CoreDataManager.swift in Sources */,
				841FB69C1EFBEE980049475C /* CommentTableViewCell.swift in Sources */,
				84F66C031EF14DF100408CF0 /* PreferenceManager.swift in Sources */,
				847779FF1EFD1D1300F13CA4 /* CommentUtils.swift in Sources */,
				84F66BD51EF00FB800408CF0 /* PostDetailViewController.swift in Sources */,
				84DCDF7D1EF19BAF004EFEE7 /* Token.m in Sources */,
				84777A011EFD24CD00F13CA4 /* WebService.swift in Sources */,
				84777A031EFD24E600F13CA4 /* Loader.swift in Sources */,
				8467689D1F05111F00EA3B9A /* NewPostsViewController.swift in Sources */,
				84B5733A1F03B9B7009EFB12 /* ErrorHandler.swift in Sources */,
				8486C5011F017E2900B81FD8 /* PopupViewController.swift in Sources */,
				84777A051EFD296300F13CA4 /* Configuration.swift in Sources */,
				841FB6971EFBD8880049475C /* BaseParser.swift in Sources */,
				84F66BD31EF00FB800408CF0 /* AppDelegate.swift in Sources */,
				847D2DD21EF942EF007FC21F /* LinkM+CoreDataProperties.swift in Sources */,
			);
			runOnlyForDeploymentPostprocessing = 0;
		};
		84F66BDF1EF00FB800408CF0 /* Sources */ = {
			isa = PBXSourcesBuildPhase;
			buildActionMask = 2147483647;
			files = (
				84F66BE81EF00FB800408CF0 /* testredditTests.swift in Sources */,
			);
			runOnlyForDeploymentPostprocessing = 0;
		};
		84F66BEA1EF00FB800408CF0 /* Sources */ = {
			isa = PBXSourcesBuildPhase;
			buildActionMask = 2147483647;
			files = (
				84F66BF31EF00FB800408CF0 /* testredditUITests.swift in Sources */,
			);
			runOnlyForDeploymentPostprocessing = 0;
		};
/* End PBXSourcesBuildPhase section */

/* Begin PBXTargetDependency section */
		84F66BE51EF00FB800408CF0 /* PBXTargetDependency */ = {
			isa = PBXTargetDependency;
			target = 84F66BCE1EF00FB700408CF0 /* testreddit */;
			targetProxy = 84F66BE41EF00FB800408CF0 /* PBXContainerItemProxy */;
		};
		84F66BF01EF00FB800408CF0 /* PBXTargetDependency */ = {
			isa = PBXTargetDependency;
			target = 84F66BCE1EF00FB700408CF0 /* testreddit */;
			targetProxy = 84F66BEF1EF00FB800408CF0 /* PBXContainerItemProxy */;
		};
/* End PBXTargetDependency section */

/* Begin PBXVariantGroup section */
		84F66BD61EF00FB800408CF0 /* Main.storyboard */ = {
			isa = PBXVariantGroup;
			children = (
				84F66BD71EF00FB800408CF0 /* Base */,
			);
			name = Main.storyboard;
			sourceTree = "<group>";
		};
		84F66BDB1EF00FB800408CF0 /* LaunchScreen.storyboard */ = {
			isa = PBXVariantGroup;
			children = (
				84F66BDC1EF00FB800408CF0 /* Base */,
			);
			name = LaunchScreen.storyboard;
			sourceTree = "<group>";
		};
/* End PBXVariantGroup section */

/* Begin XCBuildConfiguration section */
		84F66BF51EF00FB800408CF0 /* Debug */ = {
			isa = XCBuildConfiguration;
			buildSettings = {
				ALWAYS_SEARCH_USER_PATHS = NO;
				CLANG_ANALYZER_NONNULL = YES;
				CLANG_ANALYZER_NUMBER_OBJECT_CONVERSION = YES_AGGRESSIVE;
				CLANG_CXX_LANGUAGE_STANDARD = "gnu++0x";
				CLANG_CXX_LIBRARY = "libc++";
				CLANG_ENABLE_MODULES = YES;
				CLANG_ENABLE_OBJC_ARC = YES;
				CLANG_WARN_BOOL_CONVERSION = YES;
				CLANG_WARN_CONSTANT_CONVERSION = YES;
				CLANG_WARN_DIRECT_OBJC_ISA_USAGE = YES_ERROR;
				CLANG_WARN_DOCUMENTATION_COMMENTS = YES;
				CLANG_WARN_EMPTY_BODY = YES;
				CLANG_WARN_ENUM_CONVERSION = YES;
				CLANG_WARN_INFINITE_RECURSION = YES;
				CLANG_WARN_INT_CONVERSION = YES;
				CLANG_WARN_OBJC_ROOT_CLASS = YES_ERROR;
				CLANG_WARN_SUSPICIOUS_MOVE = YES;
				CLANG_WARN_UNREACHABLE_CODE = YES;
				CLANG_WARN__DUPLICATE_METHOD_MATCH = YES;
				"CODE_SIGN_IDENTITY[sdk=iphoneos*]" = "iPhone Developer";
				COPY_PHASE_STRIP = NO;
				DEBUG_INFORMATION_FORMAT = dwarf;
				ENABLE_STRICT_OBJC_MSGSEND = YES;
				ENABLE_TESTABILITY = YES;
				GCC_C_LANGUAGE_STANDARD = gnu99;
				GCC_DYNAMIC_NO_PIC = NO;
				GCC_NO_COMMON_BLOCKS = YES;
				GCC_OPTIMIZATION_LEVEL = 0;
				GCC_PREPROCESSOR_DEFINITIONS = (
					"DEBUG=1",
					"$(inherited)",
				);
				GCC_WARN_64_TO_32_BIT_CONVERSION = YES;
				GCC_WARN_ABOUT_RETURN_TYPE = YES_ERROR;
				GCC_WARN_UNDECLARED_SELECTOR = YES;
				GCC_WARN_UNINITIALIZED_AUTOS = YES_AGGRESSIVE;
				GCC_WARN_UNUSED_FUNCTION = YES;
				GCC_WARN_UNUSED_VARIABLE = YES;
				IPHONEOS_DEPLOYMENT_TARGET = 10.3;
				MTL_ENABLE_DEBUG_INFO = YES;
				ONLY_ACTIVE_ARCH = YES;
				SDKROOT = iphoneos;
				SWIFT_ACTIVE_COMPILATION_CONDITIONS = DEBUG;
				SWIFT_OPTIMIZATION_LEVEL = "-Onone";
				TARGETED_DEVICE_FAMILY = "1,2";
			};
			name = Debug;
		};
		84F66BF61EF00FB800408CF0 /* Release */ = {
			isa = XCBuildConfiguration;
			buildSettings = {
				ALWAYS_SEARCH_USER_PATHS = NO;
				CLANG_ANALYZER_NONNULL = YES;
				CLANG_ANALYZER_NUMBER_OBJECT_CONVERSION = YES_AGGRESSIVE;
				CLANG_CXX_LANGUAGE_STANDARD = "gnu++0x";
				CLANG_CXX_LIBRARY = "libc++";
				CLANG_ENABLE_MODULES = YES;
				CLANG_ENABLE_OBJC_ARC = YES;
				CLANG_WARN_BOOL_CONVERSION = YES;
				CLANG_WARN_CONSTANT_CONVERSION = YES;
				CLANG_WARN_DIRECT_OBJC_ISA_USAGE = YES_ERROR;
				CLANG_WARN_DOCUMENTATION_COMMENTS = YES;
				CLANG_WARN_EMPTY_BODY = YES;
				CLANG_WARN_ENUM_CONVERSION = YES;
				CLANG_WARN_INFINITE_RECURSION = YES;
				CLANG_WARN_INT_CONVERSION = YES;
				CLANG_WARN_OBJC_ROOT_CLASS = YES_ERROR;
				CLANG_WARN_SUSPICIOUS_MOVE = YES;
				CLANG_WARN_UNREACHABLE_CODE = YES;
				CLANG_WARN__DUPLICATE_METHOD_MATCH = YES;
				"CODE_SIGN_IDENTITY[sdk=iphoneos*]" = "iPhone Developer";
				COPY_PHASE_STRIP = NO;
				DEBUG_INFORMATION_FORMAT = "dwarf-with-dsym";
				ENABLE_NS_ASSERTIONS = NO;
				ENABLE_STRICT_OBJC_MSGSEND = YES;
				GCC_C_LANGUAGE_STANDARD = gnu99;
				GCC_NO_COMMON_BLOCKS = YES;
				GCC_WARN_64_TO_32_BIT_CONVERSION = YES;
				GCC_WARN_ABOUT_RETURN_TYPE = YES_ERROR;
				GCC_WARN_UNDECLARED_SELECTOR = YES;
				GCC_WARN_UNINITIALIZED_AUTOS = YES_AGGRESSIVE;
				GCC_WARN_UNUSED_FUNCTION = YES;
				GCC_WARN_UNUSED_VARIABLE = YES;
				IPHONEOS_DEPLOYMENT_TARGET = 10.3;
				MTL_ENABLE_DEBUG_INFO = NO;
				SDKROOT = iphoneos;
				SWIFT_OPTIMIZATION_LEVEL = "-Owholemodule";
				TARGETED_DEVICE_FAMILY = "1,2";
				VALIDATE_PRODUCT = YES;
			};
			name = Release;
		};
		84F66BF81EF00FB800408CF0 /* Debug */ = {
			isa = XCBuildConfiguration;
			baseConfigurationReference = B309FAA4015C66633F7E4627 /* Pods-testreddit.debug.xcconfig */;
			buildSettings = {
				ASSETCATALOG_COMPILER_APPICON_NAME = AppIcon;
				CLANG_ENABLE_MODULES = YES;
				CODE_SIGN_IDENTITY = "iPhone Developer";
				"CODE_SIGN_IDENTITY[sdk=iphoneos*]" = "iPhone Developer";
				DEFINES_MODULE = YES;
				DEVELOPMENT_TEAM = "";
				INFOPLIST_FILE = testreddit/Info.plist;
				LD_RUNPATH_SEARCH_PATHS = "$(inherited) @executable_path/Frameworks";
				PRODUCT_BUNDLE_IDENTIFIER = com.akvelon.testreddit;
				PRODUCT_NAME = "$(TARGET_NAME)";
				PROVISIONING_PROFILE_SPECIFIER = "";
				SWIFT_OBJC_BRIDGING_HEADER = "testreddit-Bridging-Header.h";
				SWIFT_OPTIMIZATION_LEVEL = "-Onone";
				SWIFT_VERSION = 3.0;
			};
			name = Debug;
		};
		84F66BF91EF00FB800408CF0 /* Release */ = {
			isa = XCBuildConfiguration;
			baseConfigurationReference = 20ECE62DE984673BAA1443A6 /* Pods-testreddit.release.xcconfig */;
			buildSettings = {
				ASSETCATALOG_COMPILER_APPICON_NAME = AppIcon;
				CLANG_ENABLE_MODULES = YES;
				CODE_SIGN_IDENTITY = "iPhone Developer";
				"CODE_SIGN_IDENTITY[sdk=iphoneos*]" = "iPhone Developer";
				DEFINES_MODULE = YES;
				DEVELOPMENT_TEAM = "";
				INFOPLIST_FILE = testreddit/Info.plist;
				LD_RUNPATH_SEARCH_PATHS = "$(inherited) @executable_path/Frameworks";
				PRODUCT_BUNDLE_IDENTIFIER = com.akvelon.testreddit;
				PRODUCT_NAME = "$(TARGET_NAME)";
				PROVISIONING_PROFILE_SPECIFIER = "";
				SWIFT_OBJC_BRIDGING_HEADER = "testreddit-Bridging-Header.h";
				SWIFT_VERSION = 3.0;
			};
			name = Release;
		};
		84F66BFB1EF00FB800408CF0 /* Debug */ = {
			isa = XCBuildConfiguration;
			baseConfigurationReference = B055605845DEBA415A329971 /* Pods-testredditTests.debug.xcconfig */;
			buildSettings = {
				ALWAYS_EMBED_SWIFT_STANDARD_LIBRARIES = YES;
				BUNDLE_LOADER = "$(TEST_HOST)";
				INFOPLIST_FILE = testredditTests/Info.plist;
				LD_RUNPATH_SEARCH_PATHS = "$(inherited) @executable_path/Frameworks @loader_path/Frameworks";
				PRODUCT_BUNDLE_IDENTIFIER = com.akvelon.testredditTests;
				PRODUCT_NAME = "$(TARGET_NAME)";
				SWIFT_VERSION = 3.0;
				TEST_HOST = "$(BUILT_PRODUCTS_DIR)/testreddit.app/testreddit";
			};
			name = Debug;
		};
		84F66BFC1EF00FB800408CF0 /* Release */ = {
			isa = XCBuildConfiguration;
			baseConfigurationReference = D56BE3DD8FA8E28270B08D78 /* Pods-testredditTests.release.xcconfig */;
			buildSettings = {
				ALWAYS_EMBED_SWIFT_STANDARD_LIBRARIES = YES;
				BUNDLE_LOADER = "$(TEST_HOST)";
				INFOPLIST_FILE = testredditTests/Info.plist;
				LD_RUNPATH_SEARCH_PATHS = "$(inherited) @executable_path/Frameworks @loader_path/Frameworks";
				PRODUCT_BUNDLE_IDENTIFIER = com.akvelon.testredditTests;
				PRODUCT_NAME = "$(TARGET_NAME)";
				SWIFT_VERSION = 3.0;
				TEST_HOST = "$(BUILT_PRODUCTS_DIR)/testreddit.app/testreddit";
			};
			name = Release;
		};
		84F66BFE1EF00FB800408CF0 /* Debug */ = {
			isa = XCBuildConfiguration;
			baseConfigurationReference = 72708330B66C2FEB01E172EF /* Pods-testredditUITests.debug.xcconfig */;
			buildSettings = {
				ALWAYS_EMBED_SWIFT_STANDARD_LIBRARIES = YES;
				INFOPLIST_FILE = testredditUITests/Info.plist;
				LD_RUNPATH_SEARCH_PATHS = "$(inherited) @executable_path/Frameworks @loader_path/Frameworks";
				PRODUCT_BUNDLE_IDENTIFIER = com.akvelon.testredditUITests;
				PRODUCT_NAME = "$(TARGET_NAME)";
				SWIFT_VERSION = 3.0;
				TEST_TARGET_NAME = testreddit;
			};
			name = Debug;
		};
		84F66BFF1EF00FB800408CF0 /* Release */ = {
			isa = XCBuildConfiguration;
			baseConfigurationReference = 4919EA1198F6CF20CDFA8A1A /* Pods-testredditUITests.release.xcconfig */;
			buildSettings = {
				ALWAYS_EMBED_SWIFT_STANDARD_LIBRARIES = YES;
				INFOPLIST_FILE = testredditUITests/Info.plist;
				LD_RUNPATH_SEARCH_PATHS = "$(inherited) @executable_path/Frameworks @loader_path/Frameworks";
				PRODUCT_BUNDLE_IDENTIFIER = com.akvelon.testredditUITests;
				PRODUCT_NAME = "$(TARGET_NAME)";
				SWIFT_VERSION = 3.0;
				TEST_TARGET_NAME = testreddit;
			};
			name = Release;
		};
/* End XCBuildConfiguration section */

/* Begin XCConfigurationList section */
		84F66BCA1EF00FB700408CF0 /* Build configuration list for PBXProject "testreddit" */ = {
			isa = XCConfigurationList;
			buildConfigurations = (
				84F66BF51EF00FB800408CF0 /* Debug */,
				84F66BF61EF00FB800408CF0 /* Release */,
			);
			defaultConfigurationIsVisible = 0;
			defaultConfigurationName = Release;
		};
		84F66BF71EF00FB800408CF0 /* Build configuration list for PBXNativeTarget "testreddit" */ = {
			isa = XCConfigurationList;
			buildConfigurations = (
				84F66BF81EF00FB800408CF0 /* Debug */,
				84F66BF91EF00FB800408CF0 /* Release */,
			);
			defaultConfigurationIsVisible = 0;
			defaultConfigurationName = Release;
		};
		84F66BFA1EF00FB800408CF0 /* Build configuration list for PBXNativeTarget "testredditTests" */ = {
			isa = XCConfigurationList;
			buildConfigurations = (
				84F66BFB1EF00FB800408CF0 /* Debug */,
				84F66BFC1EF00FB800408CF0 /* Release */,
			);
			defaultConfigurationIsVisible = 0;
			defaultConfigurationName = Release;
		};
		84F66BFD1EF00FB800408CF0 /* Build configuration list for PBXNativeTarget "testredditUITests" */ = {
			isa = XCConfigurationList;
			buildConfigurations = (
				84F66BFE1EF00FB800408CF0 /* Debug */,
				84F66BFF1EF00FB800408CF0 /* Release */,
			);
			defaultConfigurationIsVisible = 0;
			defaultConfigurationName = Release;
		};
/* End XCConfigurationList section */

/* Begin XCVersionGroup section */
		847D2DBB1EF82A41007FC21F /* RedditDataModel.xcdatamodeld */ = {
			isa = XCVersionGroup;
			children = (
				847D2DBC1EF82A41007FC21F /* RedditDataModel.xcdatamodel */,
			);
			currentVersion = 847D2DBC1EF82A41007FC21F /* RedditDataModel.xcdatamodel */;
			name = RedditDataModel.xcdatamodeld;
			path = ../RedditDataModel.xcdatamodeld;
			sourceTree = "<group>";
			versionGroupType = wrapper.xcdatamodel;
		};
/* End XCVersionGroup section */
	};
	rootObject = 84F66BC71EF00FB700408CF0 /* Project object */;
}
